
Microsoft Visual Studio Solution File, Format Version 12.00
# Visual Studio 15
VisualStudioVersion = 15.0.28306.52
MinimumVisualStudioVersion = 10.0.40219.1
Project("{FAE04EC0-301F-11D3-BF4B-00C04F79EFBC}") = "GroupNotes", "GroupNotes\GroupNotes.csproj", "{EEA6D4CB-9ED7-4F6A-9D62-541330ED1346}"
EndProject
Global
	GlobalSection(SolutionConfigurationPlatforms) = preSolution
		Debug|Any CPU = Debug|Any CPU
		Release|Any CPU = Release|Any CPU
	EndGlobalSection
	GlobalSection(ProjectConfigurationPlatforms) = postSolution
		{EEA6D4CB-9ED7-4F6A-9D62-541330ED1346}.Debug|Any CPU.ActiveCfg = Debug|Any CPU
		{EEA6D4CB-9ED7-4F6A-9D62-541330ED1346}.Debug|Any CPU.Build.0 = Debug|Any CPU
		{EEA6D4CB-9ED7-4F6A-9D62-541330ED1346}.Release|Any CPU.ActiveCfg = Release|Any CPU
		{EEA6D4CB-9ED7-4F6A-9D62-541330ED1346}.Release|Any CPU.Build.0 = Release|Any CPU
	EndGlobalSection
	GlobalSection(SolutionProperties) = preSolution
		HideSolutionNode = FALSE
	EndGlobalSection
	GlobalSection(ExtensibilityGlobals) = postSolution
		SolutionGuid = {80A02222-4006-4C5A-854E-9989EF3A53FC}
	EndGlobalSection
EndGlobal
